
Microsoft Visual Studio Solution File, Format Version 12.00
# Visual Studio Version 16
VisualStudioVersion = 16.0.30717.126
MinimumVisualStudioVersion = 10.0.40219.1
Project("{FAE04EC0-301F-11D3-BF4B-00C04F79EFBC}") = "Mutant", "Mutant\Mutant.csproj", "{4D883E1A-5A02-40E5-A3B5-C7A2459BA1BC}"
EndProject
Global
	GlobalSection(SolutionConfigurationPlatforms) = preSolution
		Debug|Any CPU = Debug|Any CPU
		Release|Any CPU = Release|Any CPU
	EndGlobalSection
	GlobalSection(ProjectConfigurationPlatforms) = postSolution
		{4D883E1A-5A02-40E5-A3B5-C7A2459BA1BC}.Debug|Any CPU.ActiveCfg = Debug|Any CPU
		{4D883E1A-5A02-40E5-A3B5-C7A2459BA1BC}.Debug|Any CPU.Build.0 = Debug|Any CPU
		{4D883E1A-5A02-40E5-A3B5-C7A2459BA1BC}.Release|Any CPU.ActiveCfg = Release|Any CPU
		{4D883E1A-5A02-40E5-A3B5-C7A2459BA1BC}.Release|Any CPU.Build.0 = Release|Any CPU
	EndGlobalSection
	GlobalSection(SolutionProperties) = preSolution
		HideSolutionNode = FALSE
	EndGlobalSection
	GlobalSection(ExtensibilityGlobals) = postSolution
		SolutionGuid = {47A82BF1-E6EE-4388-8470-C24F84AE5399}
	EndGlobalSection
EndGlobal
